
Microsoft Visual Studio Solution File, Format Version 12.00
# Visual Studio Version 17
VisualStudioVersion = 17.0.31912.275
MinimumVisualStudioVersion = 10.0.40219.1
Project("{9A19103F-16F7-4668-BE54-9A1E7A4F7556}") = "Aml.Toolkit", "Aml.Toolkit\Aml.Toolkit.csproj", "{97261E08-9AA0-4E4A-BCD1-AAD21FB05D27}"
EndProject
Project("{FAE04EC0-301F-11D3-BF4B-00C04F79EFBC}") = "AmlToolkitTestUI", "AmlToolkitTestUI\AmlToolkitTestUI.csproj", "{503ED028-1596-496B-9D45-47554368B9E8}"
EndProject
Global
	GlobalSection(SolutionConfigurationPlatforms) = preSolution
		Debug|Any CPU = Debug|Any CPU
		Release|Any CPU = Release|Any CPU
		Release4.0|Any CPU = Release4.0|Any CPU
		Release4.5|Any CPU = Release4.5|Any CPU
	EndGlobalSection
	GlobalSection(ProjectConfigurationPlatforms) = postSolution
		{97261E08-9AA0-4E4A-BCD1-AAD21FB05D27}.Debug|Any CPU.ActiveCfg = Debug|Any CPU
		{97261E08-9AA0-4E4A-BCD1-AAD21FB05D27}.Debug|Any CPU.Build.0 = Debug|Any CPU
		{97261E08-9AA0-4E4A-BCD1-AAD21FB05D27}.Release|Any CPU.ActiveCfg = Release|Any CPU
		{97261E08-9AA0-4E4A-BCD1-AAD21FB05D27}.Release|Any CPU.Build.0 = Release|Any CPU
		{97261E08-9AA0-4E4A-BCD1-AAD21FB05D27}.Release4.0|Any CPU.ActiveCfg = Release|Any CPU
		{97261E08-9AA0-4E4A-BCD1-AAD21FB05D27}.Release4.0|Any CPU.Build.0 = Release|Any CPU
		{97261E08-9AA0-4E4A-BCD1-AAD21FB05D27}.Release4.5|Any CPU.ActiveCfg = Release|Any CPU
		{97261E08-9AA0-4E4A-BCD1-AAD21FB05D27}.Release4.5|Any CPU.Build.0 = Release|Any CPU
		{503ED028-1596-496B-9D45-47554368B9E8}.Debug|Any CPU.ActiveCfg = Debug|Any CPU
		{503ED028-1596-496B-9D45-47554368B9E8}.Debug|Any CPU.Build.0 = Debug|Any CPU
		{503ED028-1596-496B-9D45-47554368B9E8}.Release|Any CPU.ActiveCfg = Release|Any CPU
		{503ED028-1596-496B-9D45-47554368B9E8}.Release|Any CPU.Build.0 = Release|Any CPU
		{503ED028-1596-496B-9D45-47554368B9E8}.Release4.0|Any CPU.ActiveCfg = Release4.0|Any CPU
		{503ED028-1596-496B-9D45-47554368B9E8}.Release4.0|Any CPU.Build.0 = Release4.0|Any CPU
		{503ED028-1596-496B-9D45-47554368B9E8}.Release4.5|Any CPU.ActiveCfg = Release4.5|Any CPU
		{503ED028-1596-496B-9D45-47554368B9E8}.Release4.5|Any CPU.Build.0 = Release4.5|Any CPU
	EndGlobalSection
	GlobalSection(SolutionProperties) = preSolution
		HideSolutionNode = FALSE
	EndGlobalSection
	GlobalSection(ExtensibilityGlobals) = postSolution
		SolutionGuid = {8BFDC791-1363-4720-A1DF-60645E38D341}
	EndGlobalSection
EndGlobal
