
Microsoft Visual Studio Solution File, Format Version 12.00
# Visual Studio Version 17
VisualStudioVersion = 17.0.31912.275
MinimumVisualStudioVersion = 10.0.40219.1
Project("{9A19103F-16F7-4668-BE54-9A1E7A4F7556}") = "Aml.Toolkit", "Aml.Toolkit\Aml.Toolkit.csproj", "{97261E08-9AA0-4E4A-BCD1-AAD21FB05D27}"
EndProject
Project("{9A19103F-16F7-4668-BE54-9A1E7A4F7556}") = "AmlToolkitTestUI", "AmlToolkitTestUI\AmlToolkitTestUI.csproj", "{503ED028-1596-496B-9D45-47554368B9E8}"
EndProject
Project("{9A19103F-16F7-4668-BE54-9A1E7A4F7556}") = "Aml.Engine", "..\Aml.Engine\Aml.Engine\Aml.Engine.csproj", "{5A8A3EDE-41A7-4EB2-A079-9AE0E04BAA91}"
EndProject
Project("{9A19103F-16F7-4668-BE54-9A1E7A4F7556}") = "Aml.Skins", "..\AMLEditorSkins\Aml.Skins.csproj", "{6672C0D6-319C-4E36-95EF-2609C40E891D}"
EndProject
Project("{FAE04EC0-301F-11D3-BF4B-00C04F79EFBC}") = "Aml.Engine.Services", "..\Aml.Engine\Aml.Engine.Services\Aml.Engine.Services.csproj", "{26A6179F-BE26-4948-8876-0711C6C08FB7}"
EndProject
Project("{FAE04EC0-301F-11D3-BF4B-00C04F79EFBC}") = "Aml.Editor.Plugin.Contract", "..\Aml.Editor.API\Aml.Editor.Plugin\Aml.Editor.Plugin.Contract.csproj", "{EA939011-03F5-48D2-ADA9-D80AEACDA582}"
EndProject
Project("{FAE04EC0-301F-11D3-BF4B-00C04F79EFBC}") = "Aml.Engine.Resources", "..\Aml.Engine\Aml.Engine.Resources\Aml.Engine.Resources.csproj", "{ECC00FFC-DFE6-4305-89E2-5E53EB3D4F63}"
EndProject
Global
	GlobalSection(SolutionConfigurationPlatforms) = preSolution
		Debug|Any CPU = Debug|Any CPU
		Debug|x64 = Debug|x64
		Release|Any CPU = Release|Any CPU
		Release|x64 = Release|x64		
	EndGlobalSection
	GlobalSection(ProjectConfigurationPlatforms) = postSolution
		{97261E08-9AA0-4E4A-BCD1-AAD21FB05D27}.Debug|Any CPU.ActiveCfg = Debug|Any CPU
		{97261E08-9AA0-4E4A-BCD1-AAD21FB05D27}.Debug|Any CPU.Build.0 = Debug|Any CPU
		{97261E08-9AA0-4E4A-BCD1-AAD21FB05D27}.Debug|x64.ActiveCfg = Debug|x64
		{97261E08-9AA0-4E4A-BCD1-AAD21FB05D27}.Debug|x64.Build.0 = Debug|x64
		{97261E08-9AA0-4E4A-BCD1-AAD21FB05D27}.Release|Any CPU.ActiveCfg = Release|Any CPU
		{97261E08-9AA0-4E4A-BCD1-AAD21FB05D27}.Release|Any CPU.Build.0 = Release|Any CPU
		{97261E08-9AA0-4E4A-BCD1-AAD21FB05D27}.Release|x64.ActiveCfg = Release|x64
		{97261E08-9AA0-4E4A-BCD1-AAD21FB05D27}.Release|x64.Build.0 = Release|x64
		{503ED028-1596-496B-9D45-47554368B9E8}.Debug|Any CPU.ActiveCfg = Debug|Any CPU
		{503ED028-1596-496B-9D45-47554368B9E8}.Debug|Any CPU.Build.0 = Debug|Any CPU
		{503ED028-1596-496B-9D45-47554368B9E8}.Debug|x64.ActiveCfg = Debug|x64
		{503ED028-1596-496B-9D45-47554368B9E8}.Debug|x64.Build.0 = Debug|x64
		{503ED028-1596-496B-9D45-47554368B9E8}.Release|Any CPU.ActiveCfg = Release|Any CPU
		{503ED028-1596-496B-9D45-47554368B9E8}.Release|Any CPU.Build.0 = Release|Any CPU
		{503ED028-1596-496B-9D45-47554368B9E8}.Release|x64.ActiveCfg = Release|x64
		{503ED028-1596-496B-9D45-47554368B9E8}.Release|x64.Build.0 = Release|x64
		{5A8A3EDE-41A7-4EB2-A079-9AE0E04BAA91}.Debug|Any CPU.ActiveCfg = Debug|Any CPU
		{5A8A3EDE-41A7-4EB2-A079-9AE0E04BAA91}.Debug|Any CPU.Build.0 = Debug|Any CPU
		{5A8A3EDE-41A7-4EB2-A079-9AE0E04BAA91}.Debug|x64.ActiveCfg = Debug|x64
		{5A8A3EDE-41A7-4EB2-A079-9AE0E04BAA91}.Debug|x64.Build.0 = Debug|x64
		{5A8A3EDE-41A7-4EB2-A079-9AE0E04BAA91}.Release|Any CPU.ActiveCfg = Release|Any CPU
		{5A8A3EDE-41A7-4EB2-A079-9AE0E04BAA91}.Release|Any CPU.Build.0 = Release|Any CPU
		{5A8A3EDE-41A7-4EB2-A079-9AE0E04BAA91}.Release|x64.ActiveCfg = Release|x64
		{5A8A3EDE-41A7-4EB2-A079-9AE0E04BAA91}.Release|x64.Build.0 = Release|x64
		{6672C0D6-319C-4E36-95EF-2609C40E891D}.Debug|Any CPU.ActiveCfg = Debug|Any CPU
		{6672C0D6-319C-4E36-95EF-2609C40E891D}.Debug|Any CPU.Build.0 = Debug|Any CPU
		{6672C0D6-319C-4E36-95EF-2609C40E891D}.Debug|x64.ActiveCfg = Debug|x64
		{6672C0D6-319C-4E36-95EF-2609C40E891D}.Debug|x64.Build.0 = Debug|x64
		{6672C0D6-319C-4E36-95EF-2609C40E891D}.Release|Any CPU.ActiveCfg = Release|Any CPU
		{6672C0D6-319C-4E36-95EF-2609C40E891D}.Release|Any CPU.Build.0 = Release|Any CPU
		{6672C0D6-319C-4E36-95EF-2609C40E891D}.Release|x64.ActiveCfg = Release|x64
		{6672C0D6-319C-4E36-95EF-2609C40E891D}.Release|x64.Build.0 = Release|x64
		{26A6179F-BE26-4948-8876-0711C6C08FB7}.Debug|Any CPU.ActiveCfg = Debug|Any CPU
		{26A6179F-BE26-4948-8876-0711C6C08FB7}.Debug|Any CPU.Build.0 = Debug|Any CPU
		{26A6179F-BE26-4948-8876-0711C6C08FB7}.Debug|x64.ActiveCfg = Debug|x64
		{26A6179F-BE26-4948-8876-0711C6C08FB7}.Debug|x64.Build.0 = Debug|x64
		{26A6179F-BE26-4948-8876-0711C6C08FB7}.Release|Any CPU.ActiveCfg = Release|Any CPU
		{26A6179F-BE26-4948-8876-0711C6C08FB7}.Release|Any CPU.Build.0 = Release|Any CPU
		{26A6179F-BE26-4948-8876-0711C6C08FB7}.Release|x64.ActiveCfg = Release|x64
		{26A6179F-BE26-4948-8876-0711C6C08FB7}.Release|x64.Build.0 = Release|x64
		{EA939011-03F5-48D2-ADA9-D80AEACDA582}.Debug|Any CPU.ActiveCfg = Debug|Any CPU
		{EA939011-03F5-48D2-ADA9-D80AEACDA582}.Debug|Any CPU.Build.0 = Debug|Any CPU
		{EA939011-03F5-48D2-ADA9-D80AEACDA582}.Debug|x64.ActiveCfg = Debug|x64
		{EA939011-03F5-48D2-ADA9-D80AEACDA582}.Debug|x64.Build.0 = Debug|x64
		{EA939011-03F5-48D2-ADA9-D80AEACDA582}.Release|Any CPU.ActiveCfg = Release|Any CPU
		{EA939011-03F5-48D2-ADA9-D80AEACDA582}.Release|Any CPU.Build.0 = Release|Any CPU
		{EA939011-03F5-48D2-ADA9-D80AEACDA582}.Release|x64.ActiveCfg = Release|x64
		{EA939011-03F5-48D2-ADA9-D80AEACDA582}.Release|x64.Build.0 = Release|x64
		{ECC00FFC-DFE6-4305-89E2-5E53EB3D4F63}.Debug|Any CPU.ActiveCfg = Debug|Any CPU
		{ECC00FFC-DFE6-4305-89E2-5E53EB3D4F63}.Debug|Any CPU.Build.0 = Debug|Any CPU
		{ECC00FFC-DFE6-4305-89E2-5E53EB3D4F63}.Debug|x64.ActiveCfg = Debug|x64
		{ECC00FFC-DFE6-4305-89E2-5E53EB3D4F63}.Debug|x64.Build.0 = Debug|x64
		{ECC00FFC-DFE6-4305-89E2-5E53EB3D4F63}.Release|Any CPU.ActiveCfg = Release|Any CPU
		{ECC00FFC-DFE6-4305-89E2-5E53EB3D4F63}.Release|Any CPU.Build.0 = Release|Any CPU
		{ECC00FFC-DFE6-4305-89E2-5E53EB3D4F63}.Release|x64.ActiveCfg = Release|x64
		{ECC00FFC-DFE6-4305-89E2-5E53EB3D4F63}.Release|x64.Build.0 = Release|x64
	EndGlobalSection
	GlobalSection(SolutionProperties) = preSolution
		HideSolutionNode = FALSE
	EndGlobalSection
	GlobalSection(ExtensibilityGlobals) = postSolution
		SolutionGuid = {8BFDC791-1363-4720-A1DF-60645E38D341}
	EndGlobalSection
EndGlobal
