
Microsoft Visual Studio Solution File, Format Version 12.00
# Visual Studio 2013
VisualStudioVersion = 12.0.31101.0
MinimumVisualStudioVersion = 10.0.40219.1
Project("{FAE04EC0-301F-11D3-BF4B-00C04F79EFBC}") = "AMLToolkit", "AMLToolkit\AMLToolkit.csproj", "{79B41B1F-0A94-4A1C-B301-201CA4D965E1}"
EndProject
Project("{FAE04EC0-301F-11D3-BF4B-00C04F79EFBC}") = "AmlToolkitTestUI", "AmlToolkitTestUI\AmlToolkitTestUI.csproj", "{503ED028-1596-496B-9D45-47554368B9E8}"
EndProject
Project("{7CF6DF6D-3B04-46F8-A40B-537D21BCA0B4}") = "AMLToolkitDocumentation", "AMLToolkitDocumentation\AMLToolkitDocumentation.shfbproj", "{59CA0106-FE29-4759-A8C4-642B41CC7D4F}"
EndProject
Global
	GlobalSection(SubversionScc) = preSolution
		Svn-Managed = True
		Manager = AnkhSVN - Subversion Support for Visual Studio
	EndGlobalSection
	GlobalSection(SolutionConfigurationPlatforms) = preSolution
		Debug|Any CPU = Debug|Any CPU
		Release|Any CPU = Release|Any CPU
	EndGlobalSection
	GlobalSection(ProjectConfigurationPlatforms) = postSolution
		{79B41B1F-0A94-4A1C-B301-201CA4D965E1}.Debug|Any CPU.ActiveCfg = Debug|Any CPU
		{79B41B1F-0A94-4A1C-B301-201CA4D965E1}.Debug|Any CPU.Build.0 = Debug|Any CPU
		{79B41B1F-0A94-4A1C-B301-201CA4D965E1}.Release|Any CPU.ActiveCfg = Release|Any CPU
		{79B41B1F-0A94-4A1C-B301-201CA4D965E1}.Release|Any CPU.Build.0 = Release|Any CPU
		{503ED028-1596-496B-9D45-47554368B9E8}.Debug|Any CPU.ActiveCfg = Debug|Any CPU
		{503ED028-1596-496B-9D45-47554368B9E8}.Debug|Any CPU.Build.0 = Debug|Any CPU
		{503ED028-1596-496B-9D45-47554368B9E8}.Release|Any CPU.ActiveCfg = Release|Any CPU
		{503ED028-1596-496B-9D45-47554368B9E8}.Release|Any CPU.Build.0 = Release|Any CPU
		{59CA0106-FE29-4759-A8C4-642B41CC7D4F}.Debug|Any CPU.ActiveCfg = Debug|Any CPU
		{59CA0106-FE29-4759-A8C4-642B41CC7D4F}.Debug|Any CPU.Build.0 = Debug|Any CPU
		{59CA0106-FE29-4759-A8C4-642B41CC7D4F}.Release|Any CPU.ActiveCfg = Release|Any CPU
		{59CA0106-FE29-4759-A8C4-642B41CC7D4F}.Release|Any CPU.Build.0 = Release|Any CPU
	EndGlobalSection
	GlobalSection(SolutionProperties) = preSolution
		HideSolutionNode = FALSE
	EndGlobalSection
EndGlobal
